{
  "name": "tiddlywiki5",
  "version": "0.0.0-semantic-release",
  "lockfileVersion": 3,
  "requires": true,
  "packages": {
    "": {
      "dependencies": {
        "tiddlywiki": "5.3.7"
      }
    },
    "node_modules/tiddlywiki": {
      "version": "5.3.7",
      "resolved": "https://registry.npmjs.org/tiddlywiki/-/tiddlywiki-5.3.7.tgz",
      "integrity": "sha512-BVVmqGUj47BC+wFZgNLU5qKuNJbTnWWTOB9mEELHtovdKaAchMF5DEXFvZEl0SOTjhF29ljecKhjla19vmoHPA==",
      "license": "BSD",
      "bin": {
        "tiddlywiki": "tiddlywiki.js"
      },
      "engines": {
        "node": ">=0.8.2"
      }
    }
  }
}
